// !$*UTF8*$!
{
	archiveVersion = 1;
	classes = {
	};
	objectVersion = 77;
	objects = {

/* Begin PBXBuildFile section */
		BD1F39922FD9619C00DE1E50 /* WidgetKit.framework in Frameworks */ = {isa = PBXBuildFile; fileRef = BD1F39912FD9619A00DE1E50 /* WidgetKit.framework */; };
		BD1F39942FD9619C00DE1E50 /* SwiftUI.framework in Frameworks */ = {isa = PBXBuildFile; fileRef = BD1F39932FD9619C00DE1E50 /* SwiftUI.framework */; };
		BD1F39A52FD961A200DE1E50 /* Dobacksoft Training WidgetsExtension.appex in Embed Foundation Extensions */ = {isa = PBXBuildFile; fileRef = BD1F398F2FD9619A00DE1E50 /* Dobacksoft Training WidgetsExtension.appex */; settings = {ATTRIBUTES = (RemoveHeadersOnCopy, ); }; };
/* End PBXBuildFile section */

/* Begin PBXContainerItemProxy section */
		BD1F39A32FD961A200DE1E50 /* PBXContainerItemProxy */ = {
			isa = PBXContainerItemProxy;
			containerPortal = BDF87D9E2FA236BF003D3A05 /* Project object */;
			proxyType = 1;
			remoteGlobalIDString = BD1F398E2FD9619A00DE1E50;
			remoteInfo = "Dobacksoft Training WidgetsExtension";
		};
		BDF87DB82FA236C4003D3A05 /* PBXContainerItemProxy */ = {
			isa = PBXContainerItemProxy;
			containerPortal = BDF87D9E2FA236BF003D3A05 /* Project object */;
			proxyType = 1;
			remoteGlobalIDString = BDF87DA52FA236BF003D3A05;
			remoteInfo = "Dobacksoft Training";
		};
		BDF87DC22FA236C4003D3A05 /* PBXContainerItemProxy */ = {
			isa = PBXContainerItemProxy;
			containerPortal = BDF87D9E2FA236BF003D3A05 /* Project object */;
			proxyType = 1;
			remoteGlobalIDString = BDF87DA52FA236BF003D3A05;
			remoteInfo = "Dobacksoft Training";
		};
/* End PBXContainerItemProxy section */

/* Begin PBXCopyFilesBuildPhase section */
		BD1F39AA2FD961A200DE1E50 /* Embed Foundation Extensions */ = {
			isa = PBXCopyFilesBuildPhase;
			buildActionMask = 2147483647;
			dstPath = "";
			dstSubfolderSpec = 13;
			files = (
				BD1F39A52FD961A200DE1E50 /* Dobacksoft Training WidgetsExtension.appex in Embed Foundation Extensions */,
			);
			name = "Embed Foundation Extensions";
			runOnlyForDeploymentPostprocessing = 0;
		};
/* End PBXCopyFilesBuildPhase section */

/* Begin PBXFileReference section */
		A1B2C3000000000000000002 /* Debug.xcconfig */ = {isa = PBXFileReference; lastKnownFileType = text.xcconfig; path = Debug.xcconfig; sourceTree = "<group>"; };
		A1B2C3000000000000000003 /* Release.xcconfig */ = {isa = PBXFileReference; lastKnownFileType = text.xcconfig; path = Release.xcconfig; sourceTree = "<group>"; };
		A1B2C3000000000000000004 /* Staging.xcconfig */ = {isa = PBXFileReference; lastKnownFileType = text.xcconfig; path = Staging.xcconfig; sourceTree = "<group>"; };
		BD1F398F2FD9619A00DE1E50 /* Dobacksoft Training WidgetsExtension.appex */ = {isa = PBXFileReference; explicitFileType = "wrapper.app-extension"; includeInIndex = 0; path = "Dobacksoft Training WidgetsExtension.appex"; sourceTree = BUILT_PRODUCTS_DIR; };
		BD1F39912FD9619A00DE1E50 /* WidgetKit.framework */ = {isa = PBXFileReference; lastKnownFileType = wrapper.framework; name = WidgetKit.framework; path = System/Library/Frameworks/WidgetKit.framework; sourceTree = SDKROOT; };
		BD1F39932FD9619C00DE1E50 /* SwiftUI.framework */ = {isa = PBXFileReference; lastKnownFileType = wrapper.framework; name = SwiftUI.framework; path = System/Library/Frameworks/SwiftUI.framework; sourceTree = SDKROOT; };
		BDF87DA62FA236BF003D3A05 /* Dobacksoft Training.app */ = {isa = PBXFileReference; explicitFileType = wrapper.application; includeInIndex = 0; path = "Dobacksoft Training.app"; sourceTree = BUILT_PRODUCTS_DIR; };
		BDF87DB72FA236C4003D3A05 /* Dobacksoft TrainingTests.xctest */ = {isa = PBXFileReference; explicitFileType = wrapper.cfbundle; includeInIndex = 0; path = "Dobacksoft TrainingTests.xctest"; sourceTree = BUILT_PRODUCTS_DIR; };
		BDF87DC12FA236C4003D3A05 /* Dobacksoft TrainingUITests.xctest */ = {isa = PBXFileReference; explicitFileType = wrapper.cfbundle; includeInIndex = 0; path = "Dobacksoft TrainingUITests.xctest"; sourceTree = BUILT_PRODUCTS_DIR; };
/* End PBXFileReference section */

/* Begin PBXFileSystemSynchronizedBuildFileExceptionSet section */
		BD1F39A92FD961A200DE1E50 /* Exceptions for "Dobacksoft Training Widgets" folder in "Dobacksoft Training WidgetsExtension" target */ = {
			isa = PBXFileSystemSynchronizedBuildFileExceptionSet;
			membershipExceptions = (
				Info.plist,
			);
			target = BD1F398E2FD9619A00DE1E50 /* Dobacksoft Training WidgetsExtension */;
		};
		BDF87DC92FA236C4003D3A05 /* Exceptions for "Dobacksoft Training" folder in "Dobacksoft Training" target */ = {
			isa = PBXFileSystemSynchronizedBuildFileExceptionSet;
			membershipExceptions = (
				Info.plist,
			);
			target = BDF87DA52FA236BF003D3A05 /* Dobacksoft Training */;
		};
/* End PBXFileSystemSynchronizedBuildFileExceptionSet section */

/* Begin PBXFileSystemSynchronizedRootGroup section */
		BD1F39952FD9619C00DE1E50 /* Dobacksoft Training Widgets */ = {
			isa = PBXFileSystemSynchronizedRootGroup;
			exceptions = (
				BD1F39A92FD961A200DE1E50 /* Exceptions for "Dobacksoft Training Widgets" folder in "Dobacksoft Training WidgetsExtension" target */,
			);
			path = "Dobacksoft Training Widgets";
			sourceTree = "<group>";
		};
		BDA1000B2FE0000200AA0002 /* SharedSnapshot */ = {
			isa = PBXFileSystemSynchronizedRootGroup;
			path = SharedSnapshot;
			sourceTree = "<group>";
		};
		BDF87DA82FA236BF003D3A05 /* Dobacksoft Training */ = {
			isa = PBXFileSystemSynchronizedRootGroup;
			exceptions = (
				BDF87DC92FA236C4003D3A05 /* Exceptions for "Dobacksoft Training" folder in "Dobacksoft Training" target */,
			);
			path = "Dobacksoft Training";
			sourceTree = "<group>";
		};
		BDF87DBA2FA236C4003D3A05 /* Dobacksoft TrainingTests */ = {
			isa = PBXFileSystemSynchronizedRootGroup;
			path = "Dobacksoft TrainingTests";
			sourceTree = "<group>";
		};
		BDF87DC42FA236C4003D3A05 /* Dobacksoft TrainingUITests */ = {
			isa = PBXFileSystemSynchronizedRootGroup;
			path = "Dobacksoft TrainingUITests";
			sourceTree = "<group>";
		};
/* End PBXFileSystemSynchronizedRootGroup section */

/* Begin PBXFrameworksBuildPhase section */
		BD1F398C2FD9619A00DE1E50 /* Frameworks */ = {
			isa = PBXFrameworksBuildPhase;
			buildActionMask = 2147483647;
			files = (
				BD1F39942FD9619C00DE1E50 /* SwiftUI.framework in Frameworks */,
				BD1F39922FD9619C00DE1E50 /* WidgetKit.framework in Frameworks */,
			);
			runOnlyForDeploymentPostprocessing = 0;
		};
		BDF87DA32FA236BF003D3A05 /* Frameworks */ = {
			isa = PBXFrameworksBuildPhase;
			buildActionMask = 2147483647;
			files = (
			);
			runOnlyForDeploymentPostprocessing = 0;
		};
		BDF87DB42FA236C4003D3A05 /* Frameworks */ = {
			isa = PBXFrameworksBuildPhase;
			buildActionMask = 2147483647;
			files = (
			);
			runOnlyForDeploymentPostprocessing = 0;
		};
		BDF87DBE2FA236C4003D3A05 /* Frameworks */ = {
			isa = PBXFrameworksBuildPhase;
			buildActionMask = 2147483647;
			files = (
			);
			runOnlyForDeploymentPostprocessing = 0;
		};
/* End PBXFrameworksBuildPhase section */

/* Begin PBXGroup section */
		A1B2C3000000000000000001 /* Config */ = {
			isa = PBXGroup;
			children = (
				A1B2C3000000000000000002 /* Debug.xcconfig */,
				A1B2C3000000000000000003 /* Release.xcconfig */,
				A1B2C3000000000000000004 /* Staging.xcconfig */,
			);
			path = Config;
			sourceTree = "<group>";
		};
		BD1F39902FD9619A00DE1E50 /* Frameworks */ = {
			isa = PBXGroup;
			children = (
				BD1F39912FD9619A00DE1E50 /* WidgetKit.framework */,
				BD1F39932FD9619C00DE1E50 /* SwiftUI.framework */,
			);
			name = Frameworks;
			sourceTree = "<group>";
		};
		BDF87D9D2FA236BF003D3A05 = {
			isa = PBXGroup;
			children = (
				A1B2C3000000000000000001 /* Config */,
				BDF87DA82FA236BF003D3A05 /* Dobacksoft Training */,
				BDA1000B2FE0000200AA0002 /* SharedSnapshot */,
				BDF87DBA2FA236C4003D3A05 /* Dobacksoft TrainingTests */,
				BDF87DC42FA236C4003D3A05 /* Dobacksoft TrainingUITests */,
				BD1F39952FD9619C00DE1E50 /* Dobacksoft Training Widgets */,
				BD1F39902FD9619A00DE1E50 /* Frameworks */,
				BDF87DA72FA236BF003D3A05 /* Products */,
			);
			sourceTree = "<group>";
		};
		BDF87DA72FA236BF003D3A05 /* Products */ = {
			isa = PBXGroup;
			children = (
				BDF87DA62FA236BF003D3A05 /* Dobacksoft Training.app */,
				BDF87DB72FA236C4003D3A05 /* Dobacksoft TrainingTests.xctest */,
				BDF87DC12FA236C4003D3A05 /* Dobacksoft TrainingUITests.xctest */,
				BD1F398F2FD9619A00DE1E50 /* Dobacksoft Training WidgetsExtension.appex */,
			);
			name = Products;
			sourceTree = "<group>";
		};
/* End PBXGroup section */

/* Begin PBXNativeTarget section */
		BD1F398E2FD9619A00DE1E50 /* Dobacksoft Training WidgetsExtension */ = {
			isa = PBXNativeTarget;
			buildConfigurationList = BD1F39A62FD961A200DE1E50 /* Build configuration list for PBXNativeTarget "Dobacksoft Training WidgetsExtension" */;
			buildPhases = (
				BD1F398B2FD9619A00DE1E50 /* Sources */,
				BD1F398C2FD9619A00DE1E50 /* Frameworks */,
				BD1F398D2FD9619A00DE1E50 /* Resources */,
			);
			buildRules = (
			);
			dependencies = (
			);
			fileSystemSynchronizedGroups = (
				BD1F39952FD9619C00DE1E50 /* Dobacksoft Training Widgets */,
				BDA1000B2FE0000200AA0002 /* SharedSnapshot */,
			);
			name = "Dobacksoft Training WidgetsExtension";
			productName = "Dobacksoft Training WidgetsExtension";
			productReference = BD1F398F2FD9619A00DE1E50 /* Dobacksoft Training WidgetsExtension.appex */;
			productType = "com.apple.product-type.app-extension";
		};
		BDF87DA52FA236BF003D3A05 /* Dobacksoft Training */ = {
			isa = PBXNativeTarget;
			buildConfigurationList = BDF87DCA2FA236C4003D3A05 /* Build configuration list for PBXNativeTarget "Dobacksoft Training" */;
			buildPhases = (
				BDF87DA22FA236BF003D3A05 /* Sources */,
				BDF87DA32FA236BF003D3A05 /* Frameworks */,
				BDF87DA42FA236BF003D3A05 /* Resources */,
				BD1F39AA2FD961A200DE1E50 /* Embed Foundation Extensions */,
			);
			buildRules = (
			);
			dependencies = (
				BD1F39A42FD961A200DE1E50 /* PBXTargetDependency */,
			);
			fileSystemSynchronizedGroups = (
				BDA1000B2FE0000200AA0002 /* SharedSnapshot */,
				BDF87DA82FA236BF003D3A05 /* Dobacksoft Training */,
			);
			name = "Dobacksoft Training";
			productName = "Dobacksoft Training";
			productReference = BDF87DA62FA236BF003D3A05 /* Dobacksoft Training.app */;
			productType = "com.apple.product-type.application";
		};
		BDF87DB62FA236C4003D3A05 /* Dobacksoft TrainingTests */ = {
			isa = PBXNativeTarget;
			buildConfigurationList = BDF87DCF2FA236C4003D3A05 /* Build configuration list for PBXNativeTarget "Dobacksoft TrainingTests" */;
			buildPhases = (
				BDF87DB32FA236C4003D3A05 /* Sources */,
				BDF87DB42FA236C4003D3A05 /* Frameworks */,
				BDF87DB52FA236C4003D3A05 /* Resources */,
			);
			buildRules = (
			);
			dependencies = (
				BDF87DB92FA236C4003D3A05 /* PBXTargetDependency */,
			);
			fileSystemSynchronizedGroups = (
				BDF87DBA2FA236C4003D3A05 /* Dobacksoft TrainingTests */,
			);
			name = "Dobacksoft TrainingTests";
			productName = "Dobacksoft TrainingTests";
			productReference = BDF87DB72FA236C4003D3A05 /* Dobacksoft TrainingTests.xctest */;
			productType = "com.apple.product-type.bundle.unit-test";
		};
		BDF87DC02FA236C4003D3A05 /* Dobacksoft TrainingUITests */ = {
			isa = PBXNativeTarget;
			buildConfigurationList = BDF87DD22FA236C4003D3A05 /* Build configuration list for PBXNativeTarget "Dobacksoft TrainingUITests" */;
			buildPhases = (
				BDF87DBD2FA236C4003D3A05 /* Sources */,
				BDF87DBE2FA236C4003D3A05 /* Frameworks */,
				BDF87DBF2FA236C4003D3A05 /* Resources */,
			);
			buildRules = (
			);
			dependencies = (
				BDF87DC32FA236C4003D3A05 /* PBXTargetDependency */,
			);
			fileSystemSynchronizedGroups = (
				BDF87DC42FA236C4003D3A05 /* Dobacksoft TrainingUITests */,
			);
			name = "Dobacksoft TrainingUITests";
			productName = "Dobacksoft TrainingUITests";
			productReference = BDF87DC12FA236C4003D3A05 /* Dobacksoft TrainingUITests.xctest */;
			productType = "com.apple.product-type.bundle.ui-testing";
		};
/* End PBXNativeTarget section */

/* Begin PBXProject section */
		BDF87D9E2FA236BF003D3A05 /* Project object */ = {
			isa = PBXProject;
			attributes = {
				BuildIndependentTargetsInParallel = 1;
				LastSwiftUpdateCheck = 2650;
				LastUpgradeCheck = 2650;
				TargetAttributes = {
					BD1F398E2FD9619A00DE1E50 = {
						CreatedOnToolsVersion = 26.5;
					};
					BDF87DA52FA236BF003D3A05 = {
						CreatedOnToolsVersion = 26.4.1;
					};
					BDF87DB62FA236C4003D3A05 = {
						CreatedOnToolsVersion = 26.4.1;
						TestTargetID = BDF87DA52FA236BF003D3A05;
					};
					BDF87DC02FA236C4003D3A05 = {
						CreatedOnToolsVersion = 26.4.1;
						TestTargetID = BDF87DA52FA236BF003D3A05;
					};
				};
			};
			buildConfigurationList = BDF87DA12FA236BF003D3A05 /* Build configuration list for PBXProject "Dobacksoft Training" */;
			developmentRegion = en;
			hasScannedForEncodings = 0;
			knownRegions = (
				en,
				Base,
			);
			mainGroup = BDF87D9D2FA236BF003D3A05;
			minimizedProjectReferenceProxies = 1;
			preferredProjectObjectVersion = 77;
			productRefGroup = BDF87DA72FA236BF003D3A05 /* Products */;
			projectDirPath = "";
			projectRoot = "";
			targets = (
				BDF87DA52FA236BF003D3A05 /* Dobacksoft Training */,
				BDF87DB62FA236C4003D3A05 /* Dobacksoft TrainingTests */,
				BDF87DC02FA236C4003D3A05 /* Dobacksoft TrainingUITests */,
				BD1F398E2FD9619A00DE1E50 /* Dobacksoft Training WidgetsExtension */,
			);
		};
/* End PBXProject section */

/* Begin PBXResourcesBuildPhase section */
		BD1F398D2FD9619A00DE1E50 /* Resources */ = {
			isa = PBXResourcesBuildPhase;
			buildActionMask = 2147483647;
			files = (
			);
			runOnlyForDeploymentPostprocessing = 0;
		};
		BDF87DA42FA236BF003D3A05 /* Resources */ = {
			isa = PBXResourcesBuildPhase;
			buildActionMask = 2147483647;
			files = (
			);
			runOnlyForDeploymentPostprocessing = 0;
		};
		BDF87DB52FA236C4003D3A05 /* Resources */ = {
			isa = PBXResourcesBuildPhase;
			buildActionMask = 2147483647;
			files = (
			);
			runOnlyForDeploymentPostprocessing = 0;
		};
		BDF87DBF2FA236C4003D3A05 /* Resources */ = {
			isa = PBXResourcesBuildPhase;
			buildActionMask = 2147483647;
			files = (
			);
			runOnlyForDeploymentPostprocessing = 0;
		};
/* End PBXResourcesBuildPhase section */

/* Begin PBXSourcesBuildPhase section */
		BD1F398B2FD9619A00DE1E50 /* Sources */ = {
			isa = PBXSourcesBuildPhase;
			buildActionMask = 2147483647;
			files = (
			);
			runOnlyForDeploymentPostprocessing = 0;
		};
		BDF87DA22FA236BF003D3A05 /* Sources */ = {
			isa = PBXSourcesBuildPhase;
			buildActionMask = 2147483647;
			files = (
			);
			runOnlyForDeploymentPostprocessing = 0;
		};
		BDF87DB32FA236C4003D3A05 /* Sources */ = {
			isa = PBXSourcesBuildPhase;
			buildActionMask = 2147483647;
			files = (
			);
			runOnlyForDeploymentPostprocessing = 0;
		};
		BDF87DBD2FA236C4003D3A05 /* Sources */ = {
			isa = PBXSourcesBuildPhase;
			buildActionMask = 2147483647;
			files = (
			);
			runOnlyForDeploymentPostprocessing = 0;
		};
/* End PBXSourcesBuildPhase section */

/* Begin PBXTargetDependency section */
		BD1F39A42FD961A200DE1E50 /* PBXTargetDependency */ = {
			isa = PBXTargetDependency;
			target = BD1F398E2FD9619A00DE1E50 /* Dobacksoft Training WidgetsExtension */;
			targetProxy = BD1F39A32FD961A200DE1E50 /* PBXContainerItemProxy */;
		};
		BDF87DB92FA236C4003D3A05 /* PBXTargetDependency */ = {
			isa = PBXTargetDependency;
			target = BDF87DA52FA236BF003D3A05 /* Dobacksoft Training */;
			targetProxy = BDF87DB82FA236C4003D3A05 /* PBXContainerItemProxy */;
		};
		BDF87DC32FA236C4003D3A05 /* PBXTargetDependency */ = {
			isa = PBXTargetDependency;
			target = BDF87DA52FA236BF003D3A05 /* Dobacksoft Training */;
			targetProxy = BDF87DC22FA236C4003D3A05 /* PBXContainerItemProxy */;
		};
/* End PBXTargetDependency section */

/* Begin XCBuildConfiguration section */
		BD1F39A72FD961A200DE1E50 /* Debug */ = {
			isa = XCBuildConfiguration;
			buildSettings = {
				ASSETCATALOG_COMPILER_GLOBAL_ACCENT_COLOR_NAME = AccentColor;
				CODE_SIGN_ENTITLEMENTS = "Dobacksoft Training Widgets/Dobacksoft_Training_Widgets.entitlements";
				CODE_SIGN_STYLE = Automatic;
				CURRENT_PROJECT_VERSION = 135;
				DEVELOPMENT_TEAM = 2S747NZP4R;
				GENERATE_INFOPLIST_FILE = YES;
				INFOPLIST_FILE = "Dobacksoft Training Widgets/Info.plist";
				INFOPLIST_KEY_CFBundleDisplayName = "Dobacksoft Training Widgets";
				INFOPLIST_KEY_NSHumanReadableCopyright = "";
				IPHONEOS_DEPLOYMENT_TARGET = 26.4;
				LD_RUNPATH_SEARCH_PATHS = (
					"$(inherited)",
					"@executable_path/Frameworks",
					"@executable_path/../../Frameworks",
				);
				MARKETING_VERSION = 2.0;
				PRODUCT_BUNDLE_IDENTIFIER = "Com.Dobacksoft-Training.Dobacksoft-Training-Widgets";
				PRODUCT_NAME = "$(TARGET_NAME)";
				REGISTER_APP_GROUPS = YES;
				SDKROOT = iphoneos;
				SKIP_INSTALL = YES;
				STRING_CATALOG_GENERATE_SYMBOLS = YES;
				SWIFT_APPROACHABLE_CONCURRENCY = YES;
				SWIFT_EMIT_LOC_STRINGS = YES;
				SWIFT_UPCOMING_FEATURE_MEMBER_IMPORT_VISIBILITY = YES;
				SWIFT_VERSION = 6.0;
				TARGETED_DEVICE_FAMILY = "1,2";
			};
			name = Debug;
		};
		BD1F39A82FD961A200DE1E50 /* Release */ = {
			isa = XCBuildConfiguration;
			buildSettings = {
				ASSETCATALOG_COMPILER_GLOBAL_ACCENT_COLOR_NAME = AccentColor;
				CODE_SIGN_ENTITLEMENTS = "Dobacksoft Training Widgets/Dobacksoft_Training_Widgets.entitlements";
				CODE_SIGN_STYLE = Automatic;
				CURRENT_PROJECT_VERSION = 135;
				DEVELOPMENT_TEAM = 2S747NZP4R;
				GENERATE_INFOPLIST_FILE = YES;
				INFOPLIST_FILE = "Dobacksoft Training Widgets/Info.plist";
				INFOPLIST_KEY_CFBundleDisplayName = "Dobacksoft Training Widgets";
				INFOPLIST_KEY_NSHumanReadableCopyright = "";
				IPHONEOS_DEPLOYMENT_TARGET = 26.4;
				LD_RUNPATH_SEARCH_PATHS = (
					"$(inherited)",
					"@executable_path/Frameworks",
					"@executable_path/../../Frameworks",
				);
				MARKETING_VERSION = 2.0;
				PRODUCT_BUNDLE_IDENTIFIER = "Com.Dobacksoft-Training.Dobacksoft-Training-Widgets";
				PRODUCT_NAME = "$(TARGET_NAME)";
				REGISTER_APP_GROUPS = YES;
				SDKROOT = iphoneos;
				SKIP_INSTALL = YES;
				STRING_CATALOG_GENERATE_SYMBOLS = YES;
				SWIFT_APPROACHABLE_CONCURRENCY = YES;
				SWIFT_EMIT_LOC_STRINGS = YES;
				SWIFT_UPCOMING_FEATURE_MEMBER_IMPORT_VISIBILITY = YES;
				SWIFT_VERSION = 6.0;
				TARGETED_DEVICE_FAMILY = "1,2";
				VALIDATE_PRODUCT = YES;
			};
			name = Release;
		};
		BDF87DCB2FA236C4003D3A05 /* Debug */ = {
			isa = XCBuildConfiguration;
			baseConfigurationReference = A1B2C3000000000000000002 /* Debug.xcconfig */;
			buildSettings = {
				ASSETCATALOG_COMPILER_APPICON_NAME = AppIcon;
				ASSETCATALOG_COMPILER_GLOBAL_ACCENT_COLOR_NAME = AccentColor;
				CODE_SIGN_ENTITLEMENTS = "Dobacksoft Training/Dobacksoft_Training.entitlements";
				CODE_SIGN_STYLE = Automatic;
				CURRENT_PROJECT_VERSION = 135;
				DEAD_CODE_STRIPPING = YES;
				DEVELOPMENT_TEAM = 2S747NZP4R;
				ENABLE_APP_SANDBOX = YES;
				ENABLE_HARDENED_RUNTIME = YES;
				ENABLE_PREVIEWS = YES;
				ENABLE_USER_SELECTED_FILES = readonly;
				GENERATE_INFOPLIST_FILE = YES;
				INFOPLIST_FILE = "Dobacksoft Training/Info.plist";
				INFOPLIST_KEY_CFBundleDisplayName = "DobackSoft Training";
				INFOPLIST_KEY_LSApplicationCategoryType = "public.app-category.navigation";
				"INFOPLIST_KEY_UIApplicationSceneManifest_Generation[sdk=iphoneos*]" = YES;
				"INFOPLIST_KEY_UIApplicationSceneManifest_Generation[sdk=iphonesimulator*]" = YES;
				"INFOPLIST_KEY_UIApplicationSupportsIndirectInputEvents[sdk=iphoneos*]" = YES;
				"INFOPLIST_KEY_UIApplicationSupportsIndirectInputEvents[sdk=iphonesimulator*]" = YES;
				"INFOPLIST_KEY_UILaunchScreen_Generation[sdk=iphoneos*]" = YES;
				"INFOPLIST_KEY_UILaunchScreen_Generation[sdk=iphonesimulator*]" = YES;
				INFOPLIST_KEY_UIStatusBarHidden = YES;
				INFOPLIST_KEY_UIStatusBarStyle = UIStatusBarStyleLightContent;
				"INFOPLIST_KEY_UIStatusBarStyle[sdk=iphoneos*]" = UIStatusBarStyleDefault;
				"INFOPLIST_KEY_UIStatusBarStyle[sdk=iphonesimulator*]" = UIStatusBarStyleDefault;
				INFOPLIST_KEY_UISupportedInterfaceOrientations_iPad = "UIInterfaceOrientationPortrait UIInterfaceOrientationPortraitUpsideDown UIInterfaceOrientationLandscapeLeft UIInterfaceOrientationLandscapeRight";
				INFOPLIST_KEY_UISupportedInterfaceOrientations_iPhone = "UIInterfaceOrientationPortrait UIInterfaceOrientationLandscapeLeft UIInterfaceOrientationLandscapeRight";
				IPHONEOS_DEPLOYMENT_TARGET = 26.4;
				LD_RUNPATH_SEARCH_PATHS = "@executable_path/Frameworks";
				"LD_RUNPATH_SEARCH_PATHS[sdk=macosx*]" = "@executable_path/../Frameworks";
				MACOSX_DEPLOYMENT_TARGET = 26.3;
				MARKETING_VERSION = 2.0;
				PRODUCT_BUNDLE_IDENTIFIER = "Com.Dobacksoft-Training";
				PRODUCT_NAME = "$(TARGET_NAME)";
				REGISTER_APP_GROUPS = YES;
				SDKROOT = auto;
				STRING_CATALOG_GENERATE_SYMBOLS = YES;
				SUPPORTED_PLATFORMS = "iphoneos iphonesimulator";
				SUPPORTS_MACCATALYST = NO;
				SWIFT_APPROACHABLE_CONCURRENCY = YES;
				SWIFT_DEFAULT_ACTOR_ISOLATION = MainActor;
				SWIFT_EMIT_LOC_STRINGS = YES;
				SWIFT_UPCOMING_FEATURE_MEMBER_IMPORT_VISIBILITY = YES;
				SWIFT_VERSION = 6.0;
				TARGETED_DEVICE_FAMILY = "1,2";
				XROS_DEPLOYMENT_TARGET = 26.4;
			};
			name = Debug;
		};
		BDF87DCC2FA236C4003D3A05 /* Release */ = {
			isa = XCBuildConfiguration;
			baseConfigurationReference = A1B2C3000000000000000003 /* Release.xcconfig */;
			buildSettings = {
				ASSETCATALOG_COMPILER_APPICON_NAME = AppIcon;
				ASSETCATALOG_COMPILER_GLOBAL_ACCENT_COLOR_NAME = AccentColor;
				CODE_SIGN_ENTITLEMENTS = "Dobacksoft Training/Dobacksoft_Training.entitlements";
				CODE_SIGN_STYLE = Automatic;
				CURRENT_PROJECT_VERSION = 135;
				DEAD_CODE_STRIPPING = YES;
				DEVELOPMENT_TEAM = 2S747NZP4R;
				ENABLE_APP_SANDBOX = YES;
				ENABLE_HARDENED_RUNTIME = YES;
				ENABLE_PREVIEWS = YES;
				ENABLE_USER_SELECTED_FILES = readonly;
				GENERATE_INFOPLIST_FILE = YES;
				INFOPLIST_FILE = "Dobacksoft Training/Info.plist";
				INFOPLIST_KEY_CFBundleDisplayName = "DobackSoft Training";
				INFOPLIST_KEY_LSApplicationCategoryType = "public.app-category.navigation";
				"INFOPLIST_KEY_UIApplicationSceneManifest_Generation[sdk=iphoneos*]" = YES;
				"INFOPLIST_KEY_UIApplicationSceneManifest_Generation[sdk=iphonesimulator*]" = YES;
				"INFOPLIST_KEY_UIApplicationSupportsIndirectInputEvents[sdk=iphoneos*]" = YES;
				"INFOPLIST_KEY_UIApplicationSupportsIndirectInputEvents[sdk=iphonesimulator*]" = YES;
				"INFOPLIST_KEY_UILaunchScreen_Generation[sdk=iphoneos*]" = YES;
				"INFOPLIST_KEY_UILaunchScreen_Generation[sdk=iphonesimulator*]" = YES;
				INFOPLIST_KEY_UIStatusBarHidden = YES;
				INFOPLIST_KEY_UIStatusBarStyle = UIStatusBarStyleLightContent;
				"INFOPLIST_KEY_UIStatusBarStyle[sdk=iphoneos*]" = UIStatusBarStyleDefault;
				"INFOPLIST_KEY_UIStatusBarStyle[sdk=iphonesimulator*]" = UIStatusBarStyleDefault;
				INFOPLIST_KEY_UISupportedInterfaceOrientations_iPad = "UIInterfaceOrientationPortrait UIInterfaceOrientationPortraitUpsideDown UIInterfaceOrientationLandscapeLeft UIInterfaceOrientationLandscapeRight";
				INFOPLIST_KEY_UISupportedInterfaceOrientations_iPhone = "UIInterfaceOrientationPortrait UIInterfaceOrientationLandscapeLeft UIInterfaceOrientationLandscapeRight";
				IPHONEOS_DEPLOYMENT_TARGET = 26.4;
				LD_RUNPATH_SEARCH_PATHS = "@executable_path/Frameworks";
				"LD_RUNPATH_SEARCH_PATHS[sdk=macosx*]" = "@executable_path/../Frameworks";
				MACOSX_DEPLOYMENT_TARGET = 26.3;
				MARKETING_VERSION = 2.0;
				PRODUCT_BUNDLE_IDENTIFIER = "Com.Dobacksoft-Training";
				PRODUCT_NAME = "$(TARGET_NAME)";
				REGISTER_APP_GROUPS = YES;
				SDKROOT = auto;
				STRING_CATALOG_GENERATE_SYMBOLS = YES;
				SUPPORTED_PLATFORMS = "iphoneos iphonesimulator";
				SUPPORTS_MACCATALYST = NO;
				SWIFT_APPROACHABLE_CONCURRENCY = YES;
				SWIFT_DEFAULT_ACTOR_ISOLATION = MainActor;
				SWIFT_EMIT_LOC_STRINGS = YES;
				SWIFT_UPCOMING_FEATURE_MEMBER_IMPORT_VISIBILITY = YES;
				SWIFT_VERSION = 6.0;
				TARGETED_DEVICE_FAMILY = "1,2";
				XROS_DEPLOYMENT_TARGET = 26.4;
			};
			name = Release;
		};
		BDF87DCD2FA236C4003D3A05 /* Debug */ = {
			isa = XCBuildConfiguration;
			buildSettings = {
				ALWAYS_SEARCH_USER_PATHS = NO;
				ASSETCATALOG_COMPILER_GENERATE_SWIFT_ASSET_SYMBOL_EXTENSIONS = YES;
				CLANG_ANALYZER_NONNULL = YES;
				CLANG_ANALYZER_NUMBER_OBJECT_CONVERSION = YES_AGGRESSIVE;
				CLANG_CXX_LANGUAGE_STANDARD = "gnu++20";
				CLANG_ENABLE_MODULES = YES;
				CLANG_ENABLE_OBJC_ARC = YES;
				CLANG_ENABLE_OBJC_WEAK = YES;
				CLANG_WARN_BLOCK_CAPTURE_AUTORELEASING = YES;
				CLANG_WARN_BOOL_CONVERSION = YES;
				CLANG_WARN_COMMA = YES;
				CLANG_WARN_CONSTANT_CONVERSION = YES;
				CLANG_WARN_DEPRECATED_OBJC_IMPLEMENTATIONS = YES;
				CLANG_WARN_DIRECT_OBJC_ISA_USAGE = YES_ERROR;
				CLANG_WARN_DOCUMENTATION_COMMENTS = YES;
				CLANG_WARN_EMPTY_BODY = YES;
				CLANG_WARN_ENUM_CONVERSION = YES;
				CLANG_WARN_INFINITE_RECURSION = YES;
				CLANG_WARN_INT_CONVERSION = YES;
				CLANG_WARN_NON_LITERAL_NULL_CONVERSION = YES;
				CLANG_WARN_OBJC_IMPLICIT_RETAIN_SELF = YES;
				CLANG_WARN_OBJC_LITERAL_CONVERSION = YES;
				CLANG_WARN_OBJC_ROOT_CLASS = YES_ERROR;
				CLANG_WARN_QUOTED_INCLUDE_IN_FRAMEWORK_HEADER = YES;
				CLANG_WARN_RANGE_LOOP_ANALYSIS = YES;
				CLANG_WARN_STRICT_PROTOTYPES = YES;
				CLANG_WARN_SUSPICIOUS_MOVE = YES;
				CLANG_WARN_UNGUARDED_AVAILABILITY = YES_AGGRESSIVE;
				CLANG_WARN_UNREACHABLE_CODE = YES;
				CLANG_WARN__DUPLICATE_METHOD_MATCH = YES;
				COPY_PHASE_STRIP = NO;
				DEAD_CODE_STRIPPING = YES;
				DEBUG_INFORMATION_FORMAT = dwarf;
				DEVELOPMENT_TEAM = 2S747NZP4R;
				ENABLE_STRICT_OBJC_MSGSEND = YES;
				ENABLE_TESTABILITY = YES;
				ENABLE_USER_SCRIPT_SANDBOXING = YES;
				GCC_C_LANGUAGE_STANDARD = gnu17;
				GCC_DYNAMIC_NO_PIC = NO;
				GCC_NO_COMMON_BLOCKS = YES;
				GCC_OPTIMIZATION_LEVEL = 0;
				GCC_PREPROCESSOR_DEFINITIONS = (
					"DEBUG=1",
					"$(inherited)",
				);
				GCC_WARN_64_TO_32_BIT_CONVERSION = YES;
				GCC_WARN_ABOUT_RETURN_TYPE = YES_ERROR;
				GCC_WARN_UNDECLARED_SELECTOR = YES;
				GCC_WARN_UNINITIALIZED_AUTOS = YES_AGGRESSIVE;
				GCC_WARN_UNUSED_FUNCTION = YES;
				GCC_WARN_UNUSED_VARIABLE = YES;
				LOCALIZATION_PREFERS_STRING_CATALOGS = YES;
				MTL_ENABLE_DEBUG_INFO = INCLUDE_SOURCE;
				MTL_FAST_MATH = YES;
				ONLY_ACTIVE_ARCH = YES;
				STRING_CATALOG_GENERATE_SYMBOLS = YES;
				SWIFT_ACTIVE_COMPILATION_CONDITIONS = "DEBUG $(inherited)";
				SWIFT_OPTIMIZATION_LEVEL = "-Onone";
			};
			name = Debug;
		};
		BDF87DCE2FA236C4003D3A05 /* Release */ = {
			isa = XCBuildConfiguration;
			buildSettings = {
				ALWAYS_SEARCH_USER_PATHS = NO;
				ASSETCATALOG_COMPILER_GENERATE_SWIFT_ASSET_SYMBOL_EXTENSIONS = YES;
				CLANG_ANALYZER_NONNULL = YES;
				CLANG_ANALYZER_NUMBER_OBJECT_CONVERSION = YES_AGGRESSIVE;
				CLANG_CXX_LANGUAGE_STANDARD = "gnu++20";
				CLANG_ENABLE_MODULES = YES;
				CLANG_ENABLE_OBJC_ARC = YES;
				CLANG_ENABLE_OBJC_WEAK = YES;
				CLANG_WARN_BLOCK_CAPTURE_AUTORELEASING = YES;
				CLANG_WARN_BOOL_CONVERSION = YES;
				CLANG_WARN_COMMA = YES;
				CLANG_WARN_CONSTANT_CONVERSION = YES;
				CLANG_WARN_DEPRECATED_OBJC_IMPLEMENTATIONS = YES;
				CLANG_WARN_DIRECT_OBJC_ISA_USAGE = YES_ERROR;
				CLANG_WARN_DOCUMENTATION_COMMENTS = YES;
				CLANG_WARN_EMPTY_BODY = YES;
				CLANG_WARN_ENUM_CONVERSION = YES;
				CLANG_WARN_INFINITE_RECURSION = YES;
				CLANG_WARN_INT_CONVERSION = YES;
				CLANG_WARN_NON_LITERAL_NULL_CONVERSION = YES;
				CLANG_WARN_OBJC_IMPLICIT_RETAIN_SELF = YES;
				CLANG_WARN_OBJC_LITERAL_CONVERSION = YES;
				CLANG_WARN_OBJC_ROOT_CLASS = YES_ERROR;
				CLANG_WARN_QUOTED_INCLUDE_IN_FRAMEWORK_HEADER = YES;
				CLANG_WARN_RANGE_LOOP_ANALYSIS = YES;
				CLANG_WARN_STRICT_PROTOTYPES = YES;
				CLANG_WARN_SUSPICIOUS_MOVE = YES;
				CLANG_WARN_UNGUARDED_AVAILABILITY = YES_AGGRESSIVE;
				CLANG_WARN_UNREACHABLE_CODE = YES;
				CLANG_WARN__DUPLICATE_METHOD_MATCH = YES;
				COPY_PHASE_STRIP = NO;
				DEAD_CODE_STRIPPING = YES;
				DEBUG_INFORMATION_FORMAT = "dwarf-with-dsym";
				DEVELOPMENT_TEAM = 2S747NZP4R;
				ENABLE_NS_ASSERTIONS = NO;
				ENABLE_STRICT_OBJC_MSGSEND = YES;
				ENABLE_USER_SCRIPT_SANDBOXING = YES;
				GCC_C_LANGUAGE_STANDARD = gnu17;
				GCC_NO_COMMON_BLOCKS = YES;
				GCC_WARN_64_TO_32_BIT_CONVERSION = YES;
				GCC_WARN_ABOUT_RETURN_TYPE = YES_ERROR;
				GCC_WARN_UNDECLARED_SELECTOR = YES;
				GCC_WARN_UNINITIALIZED_AUTOS = YES_AGGRESSIVE;
				GCC_WARN_UNUSED_FUNCTION = YES;
				GCC_WARN_UNUSED_VARIABLE = YES;
				LOCALIZATION_PREFERS_STRING_CATALOGS = YES;
				MTL_ENABLE_DEBUG_INFO = NO;
				MTL_FAST_MATH = YES;
				STRING_CATALOG_GENERATE_SYMBOLS = YES;
				SWIFT_COMPILATION_MODE = wholemodule;
			};
			name = Release;
		};
		BDF87DD02FA236C4003D3A05 /* Debug */ = {
			isa = XCBuildConfiguration;
			buildSettings = {
				BUNDLE_LOADER = "$(TEST_HOST)";
				CODE_SIGN_STYLE = Automatic;
				CURRENT_PROJECT_VERSION = 135;
				DEAD_CODE_STRIPPING = YES;
				DEVELOPMENT_TEAM = 2S747NZP4R;
				GENERATE_INFOPLIST_FILE = YES;
				IPHONEOS_DEPLOYMENT_TARGET = 26.4;
				MACOSX_DEPLOYMENT_TARGET = 26.3;
				MARKETING_VERSION = 1.0;
				PRODUCT_BUNDLE_IDENTIFIER = "Com.Dobacksoft-TrainingTests";
				PRODUCT_NAME = "$(TARGET_NAME)";
				SDKROOT = auto;
				STRING_CATALOG_GENERATE_SYMBOLS = NO;
				SUPPORTED_PLATFORMS = "iphoneos iphonesimulator";
				SUPPORTS_MACCATALYST = NO;
				SWIFT_APPROACHABLE_CONCURRENCY = YES;
				SWIFT_EMIT_LOC_STRINGS = NO;
				SWIFT_UPCOMING_FEATURE_MEMBER_IMPORT_VISIBILITY = YES;
				SWIFT_VERSION = 6.0;
				TARGETED_DEVICE_FAMILY = "1,2";
				TEST_HOST = "$(BUILT_PRODUCTS_DIR)/Dobacksoft Training.app/$(BUNDLE_EXECUTABLE_FOLDER_PATH)/Dobacksoft Training";
				WATCHOS_DEPLOYMENT_TARGET = 26.0;
				XROS_DEPLOYMENT_TARGET = 26.4;
			};
			name = Debug;
		};
		BDF87DD12FA236C4003D3A05 /* Release */ = {
			isa = XCBuildConfiguration;
			buildSettings = {
				BUNDLE_LOADER = "$(TEST_HOST)";
				CODE_SIGN_STYLE = Automatic;
				CURRENT_PROJECT_VERSION = 135;
				DEAD_CODE_STRIPPING = YES;
				DEVELOPMENT_TEAM = 2S747NZP4R;
				GENERATE_INFOPLIST_FILE = YES;
				IPHONEOS_DEPLOYMENT_TARGET = 26.4;
				MACOSX_DEPLOYMENT_TARGET = 26.3;
				MARKETING_VERSION = 1.0;
				PRODUCT_BUNDLE_IDENTIFIER = "Com.Dobacksoft-TrainingTests";
				PRODUCT_NAME = "$(TARGET_NAME)";
				SDKROOT = auto;
				STRING_CATALOG_GENERATE_SYMBOLS = NO;
				SUPPORTED_PLATFORMS = "iphoneos iphonesimulator";
				SUPPORTS_MACCATALYST = NO;
				SWIFT_APPROACHABLE_CONCURRENCY = YES;
				SWIFT_EMIT_LOC_STRINGS = NO;
				SWIFT_UPCOMING_FEATURE_MEMBER_IMPORT_VISIBILITY = YES;
				SWIFT_VERSION = 6.0;
				TARGETED_DEVICE_FAMILY = "1,2";
				TEST_HOST = "$(BUILT_PRODUCTS_DIR)/Dobacksoft Training.app/$(BUNDLE_EXECUTABLE_FOLDER_PATH)/Dobacksoft Training";
				WATCHOS_DEPLOYMENT_TARGET = 26.0;
				XROS_DEPLOYMENT_TARGET = 26.4;
			};
			name = Release;
		};
		BDF87DD32FA236C4003D3A05 /* Debug */ = {
			isa = XCBuildConfiguration;
			buildSettings = {
				CODE_SIGN_STYLE = Automatic;
				CURRENT_PROJECT_VERSION = 135;
				DEAD_CODE_STRIPPING = YES;
				DEVELOPMENT_TEAM = 2S747NZP4R;
				GENERATE_INFOPLIST_FILE = YES;
				IPHONEOS_DEPLOYMENT_TARGET = 26.4;
				MACOSX_DEPLOYMENT_TARGET = 26.3;
				MARKETING_VERSION = 1.0;
				PRODUCT_BUNDLE_IDENTIFIER = "Com.Dobacksoft-TrainingUITests";
				PRODUCT_NAME = "$(TARGET_NAME)";
				SDKROOT = auto;
				STRING_CATALOG_GENERATE_SYMBOLS = NO;
				SUPPORTED_PLATFORMS = "iphoneos iphonesimulator";
				SUPPORTS_MACCATALYST = NO;
				SWIFT_APPROACHABLE_CONCURRENCY = YES;
				SWIFT_EMIT_LOC_STRINGS = NO;
				SWIFT_UPCOMING_FEATURE_MEMBER_IMPORT_VISIBILITY = YES;
				SWIFT_VERSION = 6.0;
				TARGETED_DEVICE_FAMILY = "1,2";
				TEST_TARGET_NAME = "Dobacksoft Training";
				WATCHOS_DEPLOYMENT_TARGET = 26.0;
				XROS_DEPLOYMENT_TARGET = 26.4;
			};
			name = Debug;
		};
		BDF87DD42FA236C4003D3A05 /* Release */ = {
			isa = XCBuildConfiguration;
			buildSettings = {
				CODE_SIGN_STYLE = Automatic;
				CURRENT_PROJECT_VERSION = 135;
				DEAD_CODE_STRIPPING = YES;
				DEVELOPMENT_TEAM = 2S747NZP4R;
				GENERATE_INFOPLIST_FILE = YES;
				IPHONEOS_DEPLOYMENT_TARGET = 26.4;
				MACOSX_DEPLOYMENT_TARGET = 26.3;
				MARKETING_VERSION = 1.0;
				PRODUCT_BUNDLE_IDENTIFIER = "Com.Dobacksoft-TrainingUITests";
				PRODUCT_NAME = "$(TARGET_NAME)";
				SDKROOT = auto;
				STRING_CATALOG_GENERATE_SYMBOLS = NO;
				SUPPORTED_PLATFORMS = "iphoneos iphonesimulator";
				SUPPORTS_MACCATALYST = NO;
				SWIFT_APPROACHABLE_CONCURRENCY = YES;
				SWIFT_EMIT_LOC_STRINGS = NO;
				SWIFT_UPCOMING_FEATURE_MEMBER_IMPORT_VISIBILITY = YES;
				SWIFT_VERSION = 6.0;
				TARGETED_DEVICE_FAMILY = "1,2";
				TEST_TARGET_NAME = "Dobacksoft Training";
				WATCHOS_DEPLOYMENT_TARGET = 26.0;
				XROS_DEPLOYMENT_TARGET = 26.4;
			};
			name = Release;
		};
/* End XCBuildConfiguration section */

/* Begin XCConfigurationList section */
		BD1F39A62FD961A200DE1E50 /* Build configuration list for PBXNativeTarget "Dobacksoft Training WidgetsExtension" */ = {
			isa = XCConfigurationList;
			buildConfigurations = (
				BD1F39A72FD961A200DE1E50 /* Debug */,
				BD1F39A82FD961A200DE1E50 /* Release */,
			);
			defaultConfigurationIsVisible = 0;
			defaultConfigurationName = Release;
		};
		BDF87DA12FA236BF003D3A05 /* Build configuration list for PBXProject "Dobacksoft Training" */ = {
			isa = XCConfigurationList;
			buildConfigurations = (
				BDF87DCD2FA236C4003D3A05 /* Debug */,
				BDF87DCE2FA236C4003D3A05 /* Release */,
			);
			defaultConfigurationIsVisible = 0;
			defaultConfigurationName = Release;
		};
		BDF87DCA2FA236C4003D3A05 /* Build configuration list for PBXNativeTarget "Dobacksoft Training" */ = {
			isa = XCConfigurationList;
			buildConfigurations = (
				BDF87DCB2FA236C4003D3A05 /* Debug */,
				BDF87DCC2FA236C4003D3A05 /* Release */,
			);
			defaultConfigurationIsVisible = 0;
			defaultConfigurationName = Release;
		};
		BDF87DCF2FA236C4003D3A05 /* Build configuration list for PBXNativeTarget "Dobacksoft TrainingTests" */ = {
			isa = XCConfigurationList;
			buildConfigurations = (
				BDF87DD02FA236C4003D3A05 /* Debug */,
				BDF87DD12FA236C4003D3A05 /* Release */,
			);
			defaultConfigurationIsVisible = 0;
			defaultConfigurationName = Release;
		};
		BDF87DD22FA236C4003D3A05 /* Build configuration list for PBXNativeTarget "Dobacksoft TrainingUITests" */ = {
			isa = XCConfigurationList;
			buildConfigurations = (
				BDF87DD32FA236C4003D3A05 /* Debug */,
				BDF87DD42FA236C4003D3A05 /* Release */,
			);
			defaultConfigurationIsVisible = 0;
			defaultConfigurationName = Release;
		};
/* End XCConfigurationList section */
	};
	rootObject = BDF87D9E2FA236BF003D3A05 /* Project object */;
}
